
Microsoft Visual Studio Solution File, Format Version 12.00
# Visual Studio Version 17
VisualStudioVersion = 17.7.34024.191
MinimumVisualStudioVersion = 10.0.40219.1
Project("{FAE04EC0-301F-11D3-BF4B-00C04F79EFBC}") = "6.Working_with_numbers", "6.Working_with_numbers.csproj", "{6E408E19-4F36-46A7-A0E7-144F62D88CDE}"
EndProject
Global
	GlobalSection(SolutionConfigurationPlatforms) = preSolution
		Debug|Any CPU = Debug|Any CPU
		Release|Any CPU = Release|Any CPU
	EndGlobalSection
	GlobalSection(ProjectConfigurationPlatforms) = postSolution
		{6E408E19-4F36-46A7-A0E7-144F62D88CDE}.Debug|Any CPU.ActiveCfg = Debug|Any CPU
		{6E408E19-4F36-46A7-A0E7-144F62D88CDE}.Debug|Any CPU.Build.0 = Debug|Any CPU
		{6E408E19-4F36-46A7-A0E7-144F62D88CDE}.Release|Any CPU.ActiveCfg = Release|Any CPU
		{6E408E19-4F36-46A7-A0E7-144F62D88CDE}.Release|Any CPU.Build.0 = Release|Any CPU
	EndGlobalSection
	GlobalSection(SolutionProperties) = preSolution
		HideSolutionNode = FALSE
	EndGlobalSection
	GlobalSection(ExtensibilityGlobals) = postSolution
		SolutionGuid = {155B1FC4-D080-4B51-9930-66476E1CF173}
	EndGlobalSection
EndGlobal
